schema: '2.0'
stages:
  preproc:
    cmd: python src/process.py
    deps:
    - path: src/process.py
      hash: md5
      md5: 336021f78ca6e7dbcbca32f5123acd41
      size: 713
    outs:
    - path: data/user_behavior_dataset_processed.csv
      hash: md5
      md5: 8a37f2debc35bf33e77745b100930a68
      size: 36879
  train:
    cmd: python src/train.py
    deps:
    - path: data/user_behavior_dataset_processed.csv
      hash: md5
      md5: 8a37f2debc35bf33e77745b100930a68
      size: 36879
    - path: src/train.py
      hash: md5
      md5: 55de6cbaee2a25cdceda8b27821f3899
      size: 7488
    outs:
    - path: results/classification_report.json
      hash: md5
      md5: 8f329aa76d7d0a6868bd5dd8a21fc8d0
      size: 556
    - path: results/confusion_matrix.png
      hash: md5
      md5: 62b24d50e2892807fd823d636efec0db
      size: 22947
